<?xml version="1.0" encoding="utf-8"?>
<Project ToolsVersion="4.0" xmlns="http://schemas.microsoft.com/developer/msbuild/2003">
  <ItemGroup>
    <Filter Include="Source Files">
      <UniqueIdentifier>{4FC737F1-C7A5-4376-A066-2A32D752A2FF}</UniqueIdentifier>
      <Extensions>cpp;c;cc;cxx;def;odl;idl;hpj;bat;asm;asmx</Extensions>
    </Filter>
    <Filter Include="Header Files">
      <UniqueIdentifier>{93995380-89BD-4b04-88EB-625FBE52EBFB}</UniqueIdentifier>
      <Extensions>h;hh;hpp;hxx;hm;inl;inc;xsd</Extensions>
    </Filter>
    <Filter Include="Resource Files">
      <UniqueIdentifier>{67DA6AB6-F800-4c08-8B7A-83BB121AAD01}</UniqueIdentifier>
      <Extensions>rc;ico;cur;bmp;dlg;rc2;rct;bin;rgs;gif;jpg;jpeg;jpe;resx;tiff;tif;png;wav;mfcribbon-ms</Extensions>
    </Filter>
    <Filter Include="lib">
      <UniqueIdentifier>{58fed14d-4720-4897-a868-697b37ae148b}</UniqueIdentifier>
    </Filter>
  </ItemGroup>
  <ItemGroup>
    <ClCompile Include="..\..\lib\compress.cpp">
      <Filter>Source Files</Filter>
    </ClCompile>
    <ClCompile Include="..\..\src\analyzer.cpp">
      <Filter>Source Files</Filter>
    </ClCompile>
    <ClCompile Include="..\..\src\ast.cpp">
      <Filter>Source Files</Filter>
    </ClCompile>
    <ClCompile Include="..\..\src\bytecode.cpp">
      <Filter>Source Files</Filter>
    </ClCompile>
    <ClCompile Include="..\..\src\cell.cpp">
      <Filter>Source Files</Filter>
    </ClCompile>
    <ClCompile Include="..\..\src\compiler.cpp">
      <Filter>Source Files</Filter>
    </ClCompile>
    <ClCompile Include="..\..\src\debuginfo.cpp">
      <Filter>Source Files</Filter>
    </ClCompile>
    <ClCompile Include="..\..\src\format.cpp">
      <Filter>Source Files</Filter>
    </ClCompile>
    <ClCompile Include="..\..\src\intrinsic.cpp">
      <Filter>Source Files</Filter>
    </ClCompile>
    <ClCompile Include="..\..\src\lexer.cpp">
      <Filter>Source Files</Filter>
    </ClCompile>
    <ClCompile Include="..\..\src\neonlibrary.cpp">
      <Filter>Source Files</Filter>
    </ClCompile>
    <ClCompile Include="..\..\src\number.cpp">
      <Filter>Source Files</Filter>
    </ClCompile>
    <ClCompile Include="..\..\src\parser.cpp">
      <Filter>Source Files</Filter>
    </ClCompile>
    <ClCompile Include="..\..\src\rtl_compile.cpp">
      <Filter>Source Files</Filter>
    </ClCompile>
    <ClCompile Include="..\..\src\rtl_win32.cpp">
      <Filter>Source Files</Filter>
    </ClCompile>
    <ClCompile Include="..\..\src\support.cpp">
      <Filter>Source Files</Filter>
    </ClCompile>
    <ClCompile Include="..\..\src\support_compiler.cpp">
      <Filter>Source Files</Filter>
    </ClCompile>
    <ClCompile Include="..\..\src\util.cpp">
      <Filter>Source Files</Filter>
    </ClCompile>
    <ClCompile Include="..\..\lib\curses.cpp">
      <Filter>lib</Filter>
    </ClCompile>
    <ClCompile Include="..\..\lib\curses_const.cpp">
      <Filter>lib</Filter>
    </ClCompile>
    <ClCompile Include="..\..\lib\datetime.cpp">
      <Filter>lib</Filter>
    </ClCompile>
    <ClCompile Include="..\..\lib\debugger.cpp">
      <Filter>lib</Filter>
    </ClCompile>
    <ClCompile Include="..\..\lib\file.cpp">
      <Filter>lib</Filter>
    </ClCompile>
    <ClCompile Include="..\..\lib\file_const_win32.cpp">
      <Filter>lib</Filter>
    </ClCompile>
    <ClCompile Include="..\..\lib\file_win32.cpp">
      <Filter>lib</Filter>
    </ClCompile>
    <ClCompile Include="..\..\lib\global.cpp">
      <Filter>lib</Filter>
    </ClCompile>
    <ClCompile Include="..\..\lib\hash.cpp">
      <Filter>lib</Filter>
    </ClCompile>
    <ClCompile Include="..\..\lib\http.cpp">
      <Filter>lib</Filter>
    </ClCompile>
    <ClCompile Include="..\..\lib\io.cpp">
      <Filter>lib</Filter>
    </ClCompile>
    <ClCompile Include="..\..\lib\math.cpp">
      <Filter>lib</Filter>
    </ClCompile>
    <ClCompile Include="..\..\lib\mmap_win32.cpp">
      <Filter>lib</Filter>
    </ClCompile>
    <ClCompile Include="..\..\lib\net.cpp">
      <Filter>lib</Filter>
    </ClCompile>
    <ClCompile Include="..\..\lib\time_win32.cpp">
      <Filter>lib</Filter>
    </ClCompile>
    <ClCompile Include="..\..\lib\time.cpp">
      <Filter>lib</Filter>
    </ClCompile>
    <ClCompile Include="..\..\lib\sys.cpp">
      <Filter>lib</Filter>
    </ClCompile>
    <ClCompile Include="..\..\lib\string.cpp">
      <Filter>lib</Filter>
    </ClCompile>
    <ClCompile Include="..\..\lib\sqlite.cpp">
      <Filter>lib</Filter>
    </ClCompile>
    <ClCompile Include="..\..\lib\sodium_const.cpp">
      <Filter>lib</Filter>
    </ClCompile>
    <ClCompile Include="..\..\lib\sodium.cpp">
      <Filter>lib</Filter>
    </ClCompile>
    <ClCompile Include="..\..\lib\sdl_const.cpp">
      <Filter>lib</Filter>
    </ClCompile>
    <ClCompile Include="..\..\lib\sdl.cpp">
      <Filter>lib</Filter>
    </ClCompile>
    <ClCompile Include="..\..\lib\runtime.cpp">
      <Filter>lib</Filter>
    </ClCompile>
    <ClCompile Include="..\..\lib\regex.cpp">
      <Filter>lib</Filter>
    </ClCompile>
    <ClCompile Include="..\..\lib\random.cpp">
      <Filter>lib</Filter>
    </ClCompile>
    <ClCompile Include="..\..\lib\os_win32.cpp">
      <Filter>lib</Filter>
    </ClCompile>
    <ClCompile Include="..\..\lib\os.cpp">
      <Filter>lib</Filter>
    </ClCompile>
    <ClCompile Include="..\..\lib\binary.cpp">
      <Filter>lib</Filter>
    </ClCompile>
    <ClCompile Include="..\..\lib\file_const_posix.cpp">
      <Filter>lib</Filter>
    </ClCompile>
    <ClCompile Include="..\..\lib\file_posix.cpp">
      <Filter>lib</Filter>
    </ClCompile>
    <ClCompile Include="..\..\lib\mmap_posix.cpp">
      <Filter>lib</Filter>
    </ClCompile>
    <ClCompile Include="..\..\lib\os_posix.cpp">
      <Filter>lib</Filter>
    </ClCompile>
    <ClCompile Include="..\..\lib\process_posix.cpp">
      <Filter>lib</Filter>
    </ClCompile>
    <ClCompile Include="..\..\lib\process_win32.cpp">
      <Filter>lib</Filter>
    </ClCompile>
    <ClCompile Include="..\..\lib\time_darwin.cpp">
      <Filter>lib</Filter>
    </ClCompile>
    <ClCompile Include="..\..\lib\time_linux.cpp">
      <Filter>lib</Filter>
    </ClCompile>
    <ClCompile Include="..\..\lib\time_posix.cpp">
      <Filter>lib</Filter>
    </ClCompile>
  </ItemGroup>
  <ItemGroup>
    <ClInclude Include="..\..\src\analyzer.h">
      <Filter>Header Files</Filter>
    </ClInclude>
    <ClInclude Include="..\..\src\ast.h">
      <Filter>Header Files</Filter>
    </ClInclude>
    <ClInclude Include="..\..\src\bytecode.h">
      <Filter>Header Files</Filter>
    </ClInclude>
    <ClInclude Include="..\..\src\cell.h">
      <Filter>Header Files</Filter>
    </ClInclude>
    <ClInclude Include="..\..\src\compiler.h">
      <Filter>Header Files</Filter>
    </ClInclude>
    <ClInclude Include="..\..\src\debuginfo.h">
      <Filter>Header Files</Filter>
    </ClInclude>
    <ClInclude Include="..\..\src\format.h">
      <Filter>Header Files</Filter>
    </ClInclude>
    <ClInclude Include="..\..\src\intrinsic.h">
      <Filter>Header Files</Filter>
    </ClInclude>
    <ClInclude Include="..\..\src\lexer.h">
      <Filter>Header Files</Filter>
    </ClInclude>
    <ClInclude Include="..\..\src\number.h">
      <Filter>Header Files</Filter>
    </ClInclude>
    <ClInclude Include="..\..\src\opcode.h">
      <Filter>Header Files</Filter>
    </ClInclude>
    <ClInclude Include="..\..\src\opstack.h">
      <Filter>Header Files</Filter>
    </ClInclude>
    <ClInclude Include="..\..\src\parser.h">
      <Filter>Header Files</Filter>
    </ClInclude>
    <ClInclude Include="..\..\src\pt.h">
      <Filter>Header Files</Filter>
    </ClInclude>
    <ClInclude Include="..\..\src\rtl_compile.h">
      <Filter>Header Files</Filter>
    </ClInclude>
    <ClInclude Include="..\..\src\support.h">
      <Filter>Header Files</Filter>
    </ClInclude>
    <ClInclude Include="..\..\src\token.h">
      <Filter>Header Files</Filter>
    </ClInclude>
    <ClInclude Include="..\..\src\utf8string.h">
      <Filter>Header Files</Filter>
    </ClInclude>
    <ClInclude Include="..\..\src\util.h">
      <Filter>Header Files</Filter>
    </ClInclude>
    <ClInclude Include="..\..\src\neoncompiler.h">
      <Filter>Header Files</Filter>
    </ClInclude>
  </ItemGroup>
  <ItemGroup>
    <None Include="..\..\src\constants_compile.inc">
      <Filter>Header Files</Filter>
    </None>
    <None Include="..\..\src\enums.inc">
      <Filter>Header Files</Filter>
    </None>
    <None Include="..\..\src\exceptions.inc">
      <Filter>Header Files</Filter>
    </None>
    <None Include="..\..\src\functions_compile.inc">
      <Filter>Header Files</Filter>
    </None>
    <None Include="..\..\src\thunks.inc">
      <Filter>Header Files</Filter>
    </None>
    <None Include="..\..\src\variables_compile.inc">
      <Filter>Header Files</Filter>
    </None>
  </ItemGroup>
</Project>