
Microsoft Visual Studio Solution File, Format Version 12.00
# Visual Studio 15
VisualStudioVersion = 15.0.27004.2002
MinimumVisualStudioVersion = 10.0.40219.1
Project("{8BC9CEB8-8B4A-11D0-8D11-00A0C91BC942}") = "neon", "neon.vcxproj", "{8656D14C-B704-4355-A977-3A883821C25C}"
EndProject
Project("{8BC9CEB8-8B4A-11D0-8D11-00A0C91BC942}") = "neonc", "neonc.vcxproj", "{260581AA-AC52-4EB1-9B92-72B6A291C534}"
	ProjectSection(ProjectDependencies) = postProject
		{F957D934-9613-457E-BFD5-280869618A88} = {F957D934-9613-457E-BFD5-280869618A88}
		{8656D14C-B704-4355-A977-3A883821C25C} = {8656D14C-B704-4355-A977-3A883821C25C}
		{E8ADF589-BBC1-4C45-BCD0-4A4C16878435} = {E8ADF589-BBC1-4C45-BCD0-4A4C16878435}
	EndProjectSection
EndProject
Project("{2150E333-8FDC-42A3-9474-1A3956D46DE8}") = "Tests", "Tests", "{029F0259-FCB1-4908-B242-890258F54705}"
EndProject
Project("{8BC9CEB8-8B4A-11D0-8D11-00A0C91BC942}") = "fuzz_lexer", "Tests\fuzz_lexer.vcxproj", "{AB6BA007-0140-4014-8071-685C2CF1BBDE}"
EndProject
Project("{8BC9CEB8-8B4A-11D0-8D11-00A0C91BC942}") = "fuzz_parser", "Tests\fuzz_parser.vcxproj", "{633B0CB5-E2DC-4F0A-845A-42DF75152F86}"
EndProject
Project("{8BC9CEB8-8B4A-11D0-8D11-00A0C91BC942}") = "neondis", "neondis.vcxproj", "{E8ADF589-BBC1-4C45-BCD0-4A4C16878435}"
	ProjectSection(ProjectDependencies) = postProject
		{F957D934-9613-457E-BFD5-280869618A88} = {F957D934-9613-457E-BFD5-280869618A88}
		{8656D14C-B704-4355-A977-3A883821C25C} = {8656D14C-B704-4355-A977-3A883821C25C}
	EndProjectSection
EndProject
Project("{8BC9CEB8-8B4A-11D0-8D11-00A0C91BC942}") = "neonx", "neonx.vcxproj", "{F957D934-9613-457E-BFD5-280869618A88}"
	ProjectSection(ProjectDependencies) = postProject
		{8656D14C-B704-4355-A977-3A883821C25C} = {8656D14C-B704-4355-A977-3A883821C25C}
	EndProjectSection
EndProject
Project("{8BC9CEB8-8B4A-11D0-8D11-00A0C91BC942}") = "NeonStub", "NeonStub.vcxproj", "{AE08819D-B906-4A37-B9C4-D2F5F678C448}"
	ProjectSection(ProjectDependencies) = postProject
		{F957D934-9613-457E-BFD5-280869618A88} = {F957D934-9613-457E-BFD5-280869618A88}
		{8656D14C-B704-4355-A977-3A883821C25C} = {8656D14C-B704-4355-A977-3A883821C25C}
		{E8ADF589-BBC1-4C45-BCD0-4A4C16878435} = {E8ADF589-BBC1-4C45-BCD0-4A4C16878435}
	EndProjectSection
EndProject
Project("{8BC9CEB8-8B4A-11D0-8D11-00A0C91BC942}") = "test_lexer", "Tests\test_lexer.vcxproj", "{E5078984-C22A-4412-B323-CF44DACE9482}"
EndProject
Project("{8BC9CEB8-8B4A-11D0-8D11-00A0C91BC942}") = "neonbind", "neonbind.vcxproj", "{3C43338C-F41B-4706-B23B-A1F5E1DA621C}"
	ProjectSection(ProjectDependencies) = postProject
		{F957D934-9613-457E-BFD5-280869618A88} = {F957D934-9613-457E-BFD5-280869618A88}
		{8656D14C-B704-4355-A977-3A883821C25C} = {8656D14C-B704-4355-A977-3A883821C25C}
		{AE08819D-B906-4A37-B9C4-D2F5F678C448} = {AE08819D-B906-4A37-B9C4-D2F5F678C448}
		{260581AA-AC52-4EB1-9B92-72B6A291C534} = {260581AA-AC52-4EB1-9B92-72B6A291C534}
	EndProjectSection
EndProject
Project("{8BC9CEB8-8B4A-11D0-8D11-00A0C91BC942}") = "neonbundle", "neonbundle.vcxproj", "{0CBC1CA7-AF95-47E0-816B-7B1A136D73E6}"
	ProjectSection(ProjectDependencies) = postProject
		{F957D934-9613-457E-BFD5-280869618A88} = {F957D934-9613-457E-BFD5-280869618A88}
		{8656D14C-B704-4355-A977-3A883821C25C} = {8656D14C-B704-4355-A977-3A883821C25C}
		{E8ADF589-BBC1-4C45-BCD0-4A4C16878435} = {E8ADF589-BBC1-4C45-BCD0-4A4C16878435}
		{3C43338C-F41B-4706-B23B-A1F5E1DA621C} = {3C43338C-F41B-4706-B23B-A1F5E1DA621C}
		{AE08819D-B906-4A37-B9C4-D2F5F678C448} = {AE08819D-B906-4A37-B9C4-D2F5F678C448}
		{260581AA-AC52-4EB1-9B92-72B6A291C534} = {260581AA-AC52-4EB1-9B92-72B6A291C534}
	EndProjectSection
EndProject
Project("{8BC9CEB8-8B4A-11D0-8D11-00A0C91BC942}") = "neonlibrary", "neonlibrary.vcxproj", "{3859995D-E520-4AD8-AC17-3288DEB5D9CD}"
EndProject
Project("{8BC9CEB8-8B4A-11D0-8D11-00A0C91BC942}") = "perf_lexer", "Tests\perf_lexer.vcxproj", "{9AF35275-8105-483F-B73E-FE628E602C3D}"
EndProject
Project("{8BC9CEB8-8B4A-11D0-8D11-00A0C91BC942}") = "NeonVM", "..\NeonVM\NeonVM.vcxproj", "{4364AEBC-3E0A-423E-8205-42C374811EA2}"
EndProject
Project("{8BC9CEB8-8B4A-11D0-8D11-00A0C91BC942}") = "test_number_to_string", "..\test_number_to_string\test_number_to_string.vcxproj", "{94DD0F7A-32EF-4BED-84AC-02329E82EF9A}"
EndProject
Project("{8BC9CEB8-8B4A-11D0-8D11-00A0C91BC942}") = "cnex", "..\Project1\Project1.vcxproj", "{68293169-31AF-4550-B400-5C9539C3BC94}"
EndProject
Project("{8BC9CEB8-8B4A-11D0-8D11-00A0C91BC942}") = "test_format", "..\test_format\test_format.vcxproj", "{6463CE7D-7B14-446B-B11F-BACFAAF8C7B7}"
EndProject
Project("{8BC9CEB8-8B4A-11D0-8D11-00A0C91BC942}") = "test_number_to_string_cpp", "..\test_number_to_string_cpp\test_number_to_string_cpp.vcxproj", "{EF592FB0-A33F-4858-8D76-67F3BB71529E}"
EndProject
Project("{8BC9CEB8-8B4A-11D0-8D11-00A0C91BC942}") = "test_path_support", "..\test_path_support\test_path_support.vcxproj", "{16966A63-1789-4BF5-A869-6DF9E3105282}"
EndProject
Project("{8BC9CEB8-8B4A-11D0-8D11-00A0C91BC942}") = "neon_extension", "neon_extension\neon_extension.vcxproj", "{D2050D8B-1E49-4A9D-BAE1-D9AAAA86BFFB}"
EndProject
Project("{8BC9CEB8-8B4A-11D0-8D11-00A0C91BC942}") = "test_strings", "..\test_strings\test_strings.vcxproj", "{96F8567D-CE11-40A2-AA26-3ECB14C9AC0F}"
EndProject
Project("{8BC9CEB8-8B4A-11D0-8D11-00A0C91BC942}") = "neon-http", "..\neon-http\neon-http.vcxproj", "{F2E5862D-47BA-4362-97D2-4E21D35BCFBD}"
EndProject
Project("{8BC9CEB8-8B4A-11D0-8D11-00A0C91BC942}") = "test_array_support", "test_array_support\test_array_support.vcxproj", "{B59838B1-36DB-4EEF-B1DA-0B3FF018B4C9}"
EndProject
Project("{2150E333-8FDC-42A3-9474-1A3956D46DE8}") = "LDM Extension", "LDM Extension", "{53FF3EC2-BF54-4151-B5EB-A4218DFE7603}"
EndProject
Project("{8BC9CEB8-8B4A-11D0-8D11-00A0C91BC942}") = "mvi69", "..\..\external\LDM\mvi69e-ldm\mvi69\mvi69.vcxproj", "{BF161165-6F94-489C-8A9E-6FFAB3CF4919}"
EndProject
Project("{8BC9CEB8-8B4A-11D0-8D11-00A0C91BC942}") = "cnexd", "..\..\exec\cnex\cnexd\cnexd.vcxproj", "{06B6CF5F-ACF3-402B-A9D8-614324AD32F2}"
EndProject
Project("{FAE04EC0-301F-11D3-BF4B-00C04F79EFBC}") = "csnex", "..\..\exec\csnex\csnex.csproj", "{022357F8-1D0C-476F-92BB-B4FB255B6971}"
EndProject
Project("{8BC9CEB8-8B4A-11D0-8D11-00A0C91BC942}") = "StructSizes", "..\StructSizes\StructSizes.vcxproj", "{2FF01D93-77B7-485D-A088-64F294EFA467}"
EndProject
Project("{8BC9CEB8-8B4A-11D0-8D11-00A0C91BC942}") = "TagDB", "..\..\lib\ldm\TagDB\TagDB\TagDB.vcxproj", "{5E5F2340-875F-4713-ADE9-2ED46A8F9085}"
EndProject
Global
	GlobalSection(SolutionConfigurationPlatforms) = preSolution
		Debug|Any CPU = Debug|Any CPU
		Debug|Mixed Platforms = Debug|Mixed Platforms
		Debug|Win32 = Debug|Win32
		Debug|x64 = Debug|x64
		Release|Any CPU = Release|Any CPU
		Release|Mixed Platforms = Release|Mixed Platforms
		Release|Win32 = Release|Win32
		Release|x64 = Release|x64
	EndGlobalSection
	GlobalSection(ProjectConfigurationPlatforms) = postSolution
		{8656D14C-B704-4355-A977-3A883821C25C}.Debug|Any CPU.ActiveCfg = Debug|Win32
		{8656D14C-B704-4355-A977-3A883821C25C}.Debug|Mixed Platforms.ActiveCfg = Debug|Win32
		{8656D14C-B704-4355-A977-3A883821C25C}.Debug|Mixed Platforms.Build.0 = Debug|Win32
		{8656D14C-B704-4355-A977-3A883821C25C}.Debug|Win32.ActiveCfg = Debug|Win32
		{8656D14C-B704-4355-A977-3A883821C25C}.Debug|x64.ActiveCfg = Debug|x64
		{8656D14C-B704-4355-A977-3A883821C25C}.Release|Any CPU.ActiveCfg = Release|Win32
		{8656D14C-B704-4355-A977-3A883821C25C}.Release|Mixed Platforms.ActiveCfg = Release|Win32
		{8656D14C-B704-4355-A977-3A883821C25C}.Release|Mixed Platforms.Build.0 = Release|Win32
		{8656D14C-B704-4355-A977-3A883821C25C}.Release|Win32.ActiveCfg = Release|Win32
		{8656D14C-B704-4355-A977-3A883821C25C}.Release|Win32.Build.0 = Release|Win32
		{8656D14C-B704-4355-A977-3A883821C25C}.Release|x64.ActiveCfg = Release|x64
		{8656D14C-B704-4355-A977-3A883821C25C}.Release|x64.Build.0 = Release|x64
		{260581AA-AC52-4EB1-9B92-72B6A291C534}.Debug|Any CPU.ActiveCfg = Debug|Win32
		{260581AA-AC52-4EB1-9B92-72B6A291C534}.Debug|Mixed Platforms.ActiveCfg = Debug|Win32
		{260581AA-AC52-4EB1-9B92-72B6A291C534}.Debug|Mixed Platforms.Build.0 = Debug|Win32
		{260581AA-AC52-4EB1-9B92-72B6A291C534}.Debug|Win32.ActiveCfg = Debug|Win32
		{260581AA-AC52-4EB1-9B92-72B6A291C534}.Debug|x64.ActiveCfg = Debug|x64
		{260581AA-AC52-4EB1-9B92-72B6A291C534}.Release|Any CPU.ActiveCfg = Release|Win32
		{260581AA-AC52-4EB1-9B92-72B6A291C534}.Release|Mixed Platforms.ActiveCfg = Release|Win32
		{260581AA-AC52-4EB1-9B92-72B6A291C534}.Release|Mixed Platforms.Build.0 = Release|Win32
		{260581AA-AC52-4EB1-9B92-72B6A291C534}.Release|Win32.ActiveCfg = Release|Win32
		{260581AA-AC52-4EB1-9B92-72B6A291C534}.Release|Win32.Build.0 = Release|Win32
		{260581AA-AC52-4EB1-9B92-72B6A291C534}.Release|x64.ActiveCfg = Release|x64
		{260581AA-AC52-4EB1-9B92-72B6A291C534}.Release|x64.Build.0 = Release|x64
		{AB6BA007-0140-4014-8071-685C2CF1BBDE}.Debug|Any CPU.ActiveCfg = Debug|Win32
		{AB6BA007-0140-4014-8071-685C2CF1BBDE}.Debug|Mixed Platforms.ActiveCfg = Debug|x64
		{AB6BA007-0140-4014-8071-685C2CF1BBDE}.Debug|Mixed Platforms.Build.0 = Debug|x64
		{AB6BA007-0140-4014-8071-685C2CF1BBDE}.Debug|Win32.ActiveCfg = Debug|Win32
		{AB6BA007-0140-4014-8071-685C2CF1BBDE}.Debug|x64.ActiveCfg = Debug|x64
		{AB6BA007-0140-4014-8071-685C2CF1BBDE}.Release|Any CPU.ActiveCfg = Release|Win32
		{AB6BA007-0140-4014-8071-685C2CF1BBDE}.Release|Mixed Platforms.ActiveCfg = Release|Win32
		{AB6BA007-0140-4014-8071-685C2CF1BBDE}.Release|Mixed Platforms.Build.0 = Release|Win32
		{AB6BA007-0140-4014-8071-685C2CF1BBDE}.Release|Win32.ActiveCfg = Release|Win32
		{AB6BA007-0140-4014-8071-685C2CF1BBDE}.Release|Win32.Build.0 = Release|Win32
		{AB6BA007-0140-4014-8071-685C2CF1BBDE}.Release|x64.ActiveCfg = Release|Win32
		{633B0CB5-E2DC-4F0A-845A-42DF75152F86}.Debug|Any CPU.ActiveCfg = Debug|Win32
		{633B0CB5-E2DC-4F0A-845A-42DF75152F86}.Debug|Mixed Platforms.ActiveCfg = Debug|x64
		{633B0CB5-E2DC-4F0A-845A-42DF75152F86}.Debug|Mixed Platforms.Build.0 = Debug|x64
		{633B0CB5-E2DC-4F0A-845A-42DF75152F86}.Debug|Win32.ActiveCfg = Debug|Win32
		{633B0CB5-E2DC-4F0A-845A-42DF75152F86}.Debug|x64.ActiveCfg = Debug|x64
		{633B0CB5-E2DC-4F0A-845A-42DF75152F86}.Release|Any CPU.ActiveCfg = Release|Win32
		{633B0CB5-E2DC-4F0A-845A-42DF75152F86}.Release|Mixed Platforms.ActiveCfg = Release|Win32
		{633B0CB5-E2DC-4F0A-845A-42DF75152F86}.Release|Mixed Platforms.Build.0 = Release|Win32
		{633B0CB5-E2DC-4F0A-845A-42DF75152F86}.Release|Win32.ActiveCfg = Release|Win32
		{633B0CB5-E2DC-4F0A-845A-42DF75152F86}.Release|Win32.Build.0 = Release|Win32
		{633B0CB5-E2DC-4F0A-845A-42DF75152F86}.Release|x64.ActiveCfg = Release|Win32
		{E8ADF589-BBC1-4C45-BCD0-4A4C16878435}.Debug|Any CPU.ActiveCfg = Debug|Win32
		{E8ADF589-BBC1-4C45-BCD0-4A4C16878435}.Debug|Mixed Platforms.ActiveCfg = Debug|Win32
		{E8ADF589-BBC1-4C45-BCD0-4A4C16878435}.Debug|Mixed Platforms.Build.0 = Debug|Win32
		{E8ADF589-BBC1-4C45-BCD0-4A4C16878435}.Debug|Win32.ActiveCfg = Debug|Win32
		{E8ADF589-BBC1-4C45-BCD0-4A4C16878435}.Debug|x64.ActiveCfg = Debug|x64
		{E8ADF589-BBC1-4C45-BCD0-4A4C16878435}.Release|Any CPU.ActiveCfg = Release|Win32
		{E8ADF589-BBC1-4C45-BCD0-4A4C16878435}.Release|Mixed Platforms.ActiveCfg = Release|Win32
		{E8ADF589-BBC1-4C45-BCD0-4A4C16878435}.Release|Mixed Platforms.Build.0 = Release|Win32
		{E8ADF589-BBC1-4C45-BCD0-4A4C16878435}.Release|Win32.ActiveCfg = Release|Win32
		{E8ADF589-BBC1-4C45-BCD0-4A4C16878435}.Release|Win32.Build.0 = Release|Win32
		{E8ADF589-BBC1-4C45-BCD0-4A4C16878435}.Release|x64.ActiveCfg = Release|x64
		{E8ADF589-BBC1-4C45-BCD0-4A4C16878435}.Release|x64.Build.0 = Release|x64
		{F957D934-9613-457E-BFD5-280869618A88}.Debug|Any CPU.ActiveCfg = Debug|Win32
		{F957D934-9613-457E-BFD5-280869618A88}.Debug|Mixed Platforms.ActiveCfg = Debug|Win32
		{F957D934-9613-457E-BFD5-280869618A88}.Debug|Mixed Platforms.Build.0 = Debug|Win32
		{F957D934-9613-457E-BFD5-280869618A88}.Debug|Win32.ActiveCfg = Debug|Win32
		{F957D934-9613-457E-BFD5-280869618A88}.Debug|x64.ActiveCfg = Debug|x64
		{F957D934-9613-457E-BFD5-280869618A88}.Release|Any CPU.ActiveCfg = Release|Win32
		{F957D934-9613-457E-BFD5-280869618A88}.Release|Mixed Platforms.ActiveCfg = Release|Win32
		{F957D934-9613-457E-BFD5-280869618A88}.Release|Mixed Platforms.Build.0 = Release|Win32
		{F957D934-9613-457E-BFD5-280869618A88}.Release|Win32.ActiveCfg = Release|Win32
		{F957D934-9613-457E-BFD5-280869618A88}.Release|Win32.Build.0 = Release|Win32
		{F957D934-9613-457E-BFD5-280869618A88}.Release|x64.ActiveCfg = Release|x64
		{F957D934-9613-457E-BFD5-280869618A88}.Release|x64.Build.0 = Release|x64
		{AE08819D-B906-4A37-B9C4-D2F5F678C448}.Debug|Any CPU.ActiveCfg = Debug|Win32
		{AE08819D-B906-4A37-B9C4-D2F5F678C448}.Debug|Mixed Platforms.ActiveCfg = Debug|Win32
		{AE08819D-B906-4A37-B9C4-D2F5F678C448}.Debug|Mixed Platforms.Build.0 = Debug|Win32
		{AE08819D-B906-4A37-B9C4-D2F5F678C448}.Debug|Win32.ActiveCfg = Debug|Win32
		{AE08819D-B906-4A37-B9C4-D2F5F678C448}.Debug|x64.ActiveCfg = Debug|x64
		{AE08819D-B906-4A37-B9C4-D2F5F678C448}.Release|Any CPU.ActiveCfg = Release|Win32
		{AE08819D-B906-4A37-B9C4-D2F5F678C448}.Release|Mixed Platforms.ActiveCfg = Release|Win32
		{AE08819D-B906-4A37-B9C4-D2F5F678C448}.Release|Mixed Platforms.Build.0 = Release|Win32
		{AE08819D-B906-4A37-B9C4-D2F5F678C448}.Release|Win32.ActiveCfg = Release|Win32
		{AE08819D-B906-4A37-B9C4-D2F5F678C448}.Release|Win32.Build.0 = Release|Win32
		{AE08819D-B906-4A37-B9C4-D2F5F678C448}.Release|x64.ActiveCfg = Release|x64
		{AE08819D-B906-4A37-B9C4-D2F5F678C448}.Release|x64.Build.0 = Release|x64
		{E5078984-C22A-4412-B323-CF44DACE9482}.Debug|Any CPU.ActiveCfg = Debug|Win32
		{E5078984-C22A-4412-B323-CF44DACE9482}.Debug|Mixed Platforms.ActiveCfg = Debug|Win32
		{E5078984-C22A-4412-B323-CF44DACE9482}.Debug|Mixed Platforms.Build.0 = Debug|Win32
		{E5078984-C22A-4412-B323-CF44DACE9482}.Debug|Win32.ActiveCfg = Debug|Win32
		{E5078984-C22A-4412-B323-CF44DACE9482}.Debug|x64.ActiveCfg = Debug|x64
		{E5078984-C22A-4412-B323-CF44DACE9482}.Release|Any CPU.ActiveCfg = Release|Win32
		{E5078984-C22A-4412-B323-CF44DACE9482}.Release|Mixed Platforms.ActiveCfg = Release|Win32
		{E5078984-C22A-4412-B323-CF44DACE9482}.Release|Mixed Platforms.Build.0 = Release|Win32
		{E5078984-C22A-4412-B323-CF44DACE9482}.Release|Win32.ActiveCfg = Release|Win32
		{E5078984-C22A-4412-B323-CF44DACE9482}.Release|Win32.Build.0 = Release|Win32
		{E5078984-C22A-4412-B323-CF44DACE9482}.Release|x64.ActiveCfg = Release|Win32
		{3C43338C-F41B-4706-B23B-A1F5E1DA621C}.Debug|Any CPU.ActiveCfg = Debug|Win32
		{3C43338C-F41B-4706-B23B-A1F5E1DA621C}.Debug|Mixed Platforms.ActiveCfg = Debug|Win32
		{3C43338C-F41B-4706-B23B-A1F5E1DA621C}.Debug|Mixed Platforms.Build.0 = Debug|Win32
		{3C43338C-F41B-4706-B23B-A1F5E1DA621C}.Debug|Win32.ActiveCfg = Debug|Win32
		{3C43338C-F41B-4706-B23B-A1F5E1DA621C}.Debug|x64.ActiveCfg = Debug|x64
		{3C43338C-F41B-4706-B23B-A1F5E1DA621C}.Release|Any CPU.ActiveCfg = Release|Win32
		{3C43338C-F41B-4706-B23B-A1F5E1DA621C}.Release|Mixed Platforms.ActiveCfg = Release|Win32
		{3C43338C-F41B-4706-B23B-A1F5E1DA621C}.Release|Mixed Platforms.Build.0 = Release|Win32
		{3C43338C-F41B-4706-B23B-A1F5E1DA621C}.Release|Win32.ActiveCfg = Release|Win32
		{3C43338C-F41B-4706-B23B-A1F5E1DA621C}.Release|Win32.Build.0 = Release|Win32
		{3C43338C-F41B-4706-B23B-A1F5E1DA621C}.Release|x64.ActiveCfg = Release|x64
		{3C43338C-F41B-4706-B23B-A1F5E1DA621C}.Release|x64.Build.0 = Release|x64
		{0CBC1CA7-AF95-47E0-816B-7B1A136D73E6}.Debug|Any CPU.ActiveCfg = Debug|Win32
		{0CBC1CA7-AF95-47E0-816B-7B1A136D73E6}.Debug|Mixed Platforms.ActiveCfg = Debug|Win32
		{0CBC1CA7-AF95-47E0-816B-7B1A136D73E6}.Debug|Mixed Platforms.Build.0 = Debug|Win32
		{0CBC1CA7-AF95-47E0-816B-7B1A136D73E6}.Debug|Win32.ActiveCfg = Debug|Win32
		{0CBC1CA7-AF95-47E0-816B-7B1A136D73E6}.Debug|x64.ActiveCfg = Debug|x64
		{0CBC1CA7-AF95-47E0-816B-7B1A136D73E6}.Release|Any CPU.ActiveCfg = Release|Win32
		{0CBC1CA7-AF95-47E0-816B-7B1A136D73E6}.Release|Mixed Platforms.ActiveCfg = Release|Win32
		{0CBC1CA7-AF95-47E0-816B-7B1A136D73E6}.Release|Mixed Platforms.Build.0 = Release|Win32
		{0CBC1CA7-AF95-47E0-816B-7B1A136D73E6}.Release|Win32.ActiveCfg = Release|Win32
		{0CBC1CA7-AF95-47E0-816B-7B1A136D73E6}.Release|Win32.Build.0 = Release|Win32
		{0CBC1CA7-AF95-47E0-816B-7B1A136D73E6}.Release|x64.ActiveCfg = Release|Win32
		{3859995D-E520-4AD8-AC17-3288DEB5D9CD}.Debug|Any CPU.ActiveCfg = Debug|Win32
		{3859995D-E520-4AD8-AC17-3288DEB5D9CD}.Debug|Mixed Platforms.ActiveCfg = Debug|Win32
		{3859995D-E520-4AD8-AC17-3288DEB5D9CD}.Debug|Mixed Platforms.Build.0 = Debug|Win32
		{3859995D-E520-4AD8-AC17-3288DEB5D9CD}.Debug|Win32.ActiveCfg = Debug|Win32
		{3859995D-E520-4AD8-AC17-3288DEB5D9CD}.Debug|x64.ActiveCfg = Debug|x64
		{3859995D-E520-4AD8-AC17-3288DEB5D9CD}.Release|Any CPU.ActiveCfg = Release|Win32
		{3859995D-E520-4AD8-AC17-3288DEB5D9CD}.Release|Mixed Platforms.ActiveCfg = Release|Win32
		{3859995D-E520-4AD8-AC17-3288DEB5D9CD}.Release|Mixed Platforms.Build.0 = Release|Win32
		{3859995D-E520-4AD8-AC17-3288DEB5D9CD}.Release|Win32.ActiveCfg = Release|Win32
		{3859995D-E520-4AD8-AC17-3288DEB5D9CD}.Release|Win32.Build.0 = Release|Win32
		{3859995D-E520-4AD8-AC17-3288DEB5D9CD}.Release|x64.ActiveCfg = Release|Win32
		{9AF35275-8105-483F-B73E-FE628E602C3D}.Debug|Any CPU.ActiveCfg = Debug|Win32
		{9AF35275-8105-483F-B73E-FE628E602C3D}.Debug|Mixed Platforms.ActiveCfg = Debug|Win32
		{9AF35275-8105-483F-B73E-FE628E602C3D}.Debug|Mixed Platforms.Build.0 = Debug|Win32
		{9AF35275-8105-483F-B73E-FE628E602C3D}.Debug|Win32.ActiveCfg = Debug|Win32
		{9AF35275-8105-483F-B73E-FE628E602C3D}.Debug|x64.ActiveCfg = Debug|Win32
		{9AF35275-8105-483F-B73E-FE628E602C3D}.Release|Any CPU.ActiveCfg = Release|Win32
		{9AF35275-8105-483F-B73E-FE628E602C3D}.Release|Mixed Platforms.ActiveCfg = Release|Win32
		{9AF35275-8105-483F-B73E-FE628E602C3D}.Release|Mixed Platforms.Build.0 = Release|Win32
		{9AF35275-8105-483F-B73E-FE628E602C3D}.Release|Win32.ActiveCfg = Release|Win32
		{9AF35275-8105-483F-B73E-FE628E602C3D}.Release|Win32.Build.0 = Release|Win32
		{9AF35275-8105-483F-B73E-FE628E602C3D}.Release|x64.ActiveCfg = Release|Win32
		{4364AEBC-3E0A-423E-8205-42C374811EA2}.Debug|Any CPU.ActiveCfg = Debug|Win32
		{4364AEBC-3E0A-423E-8205-42C374811EA2}.Debug|Mixed Platforms.ActiveCfg = Debug|Win32
		{4364AEBC-3E0A-423E-8205-42C374811EA2}.Debug|Mixed Platforms.Build.0 = Debug|Win32
		{4364AEBC-3E0A-423E-8205-42C374811EA2}.Debug|Win32.ActiveCfg = Debug|Win32
		{4364AEBC-3E0A-423E-8205-42C374811EA2}.Debug|Win32.Build.0 = Debug|Win32
		{4364AEBC-3E0A-423E-8205-42C374811EA2}.Debug|x64.ActiveCfg = Debug|x64
		{4364AEBC-3E0A-423E-8205-42C374811EA2}.Debug|x64.Build.0 = Debug|x64
		{4364AEBC-3E0A-423E-8205-42C374811EA2}.Release|Any CPU.ActiveCfg = Release|Win32
		{4364AEBC-3E0A-423E-8205-42C374811EA2}.Release|Mixed Platforms.ActiveCfg = Release|Win32
		{4364AEBC-3E0A-423E-8205-42C374811EA2}.Release|Mixed Platforms.Build.0 = Release|Win32
		{4364AEBC-3E0A-423E-8205-42C374811EA2}.Release|Win32.ActiveCfg = Release|Win32
		{4364AEBC-3E0A-423E-8205-42C374811EA2}.Release|Win32.Build.0 = Release|Win32
		{4364AEBC-3E0A-423E-8205-42C374811EA2}.Release|x64.ActiveCfg = Release|Win32
		{94DD0F7A-32EF-4BED-84AC-02329E82EF9A}.Debug|Any CPU.ActiveCfg = Debug|Win32
		{94DD0F7A-32EF-4BED-84AC-02329E82EF9A}.Debug|Mixed Platforms.ActiveCfg = Debug|Win32
		{94DD0F7A-32EF-4BED-84AC-02329E82EF9A}.Debug|Mixed Platforms.Build.0 = Debug|Win32
		{94DD0F7A-32EF-4BED-84AC-02329E82EF9A}.Debug|Win32.ActiveCfg = Debug|Win32
		{94DD0F7A-32EF-4BED-84AC-02329E82EF9A}.Debug|Win32.Build.0 = Debug|Win32
		{94DD0F7A-32EF-4BED-84AC-02329E82EF9A}.Debug|x64.ActiveCfg = Debug|x64
		{94DD0F7A-32EF-4BED-84AC-02329E82EF9A}.Debug|x64.Build.0 = Debug|x64
		{94DD0F7A-32EF-4BED-84AC-02329E82EF9A}.Release|Any CPU.ActiveCfg = Release|Win32
		{94DD0F7A-32EF-4BED-84AC-02329E82EF9A}.Release|Mixed Platforms.ActiveCfg = Release|Win32
		{94DD0F7A-32EF-4BED-84AC-02329E82EF9A}.Release|Mixed Platforms.Build.0 = Release|Win32
		{94DD0F7A-32EF-4BED-84AC-02329E82EF9A}.Release|Win32.ActiveCfg = Release|Win32
		{94DD0F7A-32EF-4BED-84AC-02329E82EF9A}.Release|Win32.Build.0 = Release|Win32
		{94DD0F7A-32EF-4BED-84AC-02329E82EF9A}.Release|x64.ActiveCfg = Release|x64
		{94DD0F7A-32EF-4BED-84AC-02329E82EF9A}.Release|x64.Build.0 = Release|x64
		{68293169-31AF-4550-B400-5C9539C3BC94}.Debug|Any CPU.ActiveCfg = Debug|Win32
		{68293169-31AF-4550-B400-5C9539C3BC94}.Debug|Mixed Platforms.ActiveCfg = Debug|Win32
		{68293169-31AF-4550-B400-5C9539C3BC94}.Debug|Mixed Platforms.Build.0 = Debug|Win32
		{68293169-31AF-4550-B400-5C9539C3BC94}.Debug|Win32.ActiveCfg = Debug|Win32
		{68293169-31AF-4550-B400-5C9539C3BC94}.Debug|Win32.Build.0 = Debug|Win32
		{68293169-31AF-4550-B400-5C9539C3BC94}.Debug|x64.ActiveCfg = Debug|x64
		{68293169-31AF-4550-B400-5C9539C3BC94}.Debug|x64.Build.0 = Debug|x64
		{68293169-31AF-4550-B400-5C9539C3BC94}.Release|Any CPU.ActiveCfg = Release|Win32
		{68293169-31AF-4550-B400-5C9539C3BC94}.Release|Mixed Platforms.ActiveCfg = Release|Win32
		{68293169-31AF-4550-B400-5C9539C3BC94}.Release|Mixed Platforms.Build.0 = Release|Win32
		{68293169-31AF-4550-B400-5C9539C3BC94}.Release|Win32.ActiveCfg = Release|Win32
		{68293169-31AF-4550-B400-5C9539C3BC94}.Release|Win32.Build.0 = Release|Win32
		{68293169-31AF-4550-B400-5C9539C3BC94}.Release|x64.ActiveCfg = Release|x64
		{68293169-31AF-4550-B400-5C9539C3BC94}.Release|x64.Build.0 = Release|x64
		{6463CE7D-7B14-446B-B11F-BACFAAF8C7B7}.Debug|Any CPU.ActiveCfg = Debug|Win32
		{6463CE7D-7B14-446B-B11F-BACFAAF8C7B7}.Debug|Mixed Platforms.ActiveCfg = Debug|Win32
		{6463CE7D-7B14-446B-B11F-BACFAAF8C7B7}.Debug|Mixed Platforms.Build.0 = Debug|Win32
		{6463CE7D-7B14-446B-B11F-BACFAAF8C7B7}.Debug|Win32.ActiveCfg = Debug|Win32
		{6463CE7D-7B14-446B-B11F-BACFAAF8C7B7}.Debug|Win32.Build.0 = Debug|Win32
		{6463CE7D-7B14-446B-B11F-BACFAAF8C7B7}.Debug|x64.ActiveCfg = Debug|x64
		{6463CE7D-7B14-446B-B11F-BACFAAF8C7B7}.Debug|x64.Build.0 = Debug|x64
		{6463CE7D-7B14-446B-B11F-BACFAAF8C7B7}.Release|Any CPU.ActiveCfg = Release|Win32
		{6463CE7D-7B14-446B-B11F-BACFAAF8C7B7}.Release|Mixed Platforms.ActiveCfg = Release|Win32
		{6463CE7D-7B14-446B-B11F-BACFAAF8C7B7}.Release|Mixed Platforms.Build.0 = Release|Win32
		{6463CE7D-7B14-446B-B11F-BACFAAF8C7B7}.Release|Win32.ActiveCfg = Release|Win32
		{6463CE7D-7B14-446B-B11F-BACFAAF8C7B7}.Release|Win32.Build.0 = Release|Win32
		{6463CE7D-7B14-446B-B11F-BACFAAF8C7B7}.Release|x64.ActiveCfg = Release|x64
		{6463CE7D-7B14-446B-B11F-BACFAAF8C7B7}.Release|x64.Build.0 = Release|x64
		{EF592FB0-A33F-4858-8D76-67F3BB71529E}.Debug|Any CPU.ActiveCfg = Debug|Win32
		{EF592FB0-A33F-4858-8D76-67F3BB71529E}.Debug|Mixed Platforms.ActiveCfg = Debug|Win32
		{EF592FB0-A33F-4858-8D76-67F3BB71529E}.Debug|Mixed Platforms.Build.0 = Debug|Win32
		{EF592FB0-A33F-4858-8D76-67F3BB71529E}.Debug|Win32.ActiveCfg = Debug|Win32
		{EF592FB0-A33F-4858-8D76-67F3BB71529E}.Debug|x64.ActiveCfg = Debug|x64
		{EF592FB0-A33F-4858-8D76-67F3BB71529E}.Release|Any CPU.ActiveCfg = Release|Win32
		{EF592FB0-A33F-4858-8D76-67F3BB71529E}.Release|Mixed Platforms.ActiveCfg = Release|Win32
		{EF592FB0-A33F-4858-8D76-67F3BB71529E}.Release|Mixed Platforms.Build.0 = Release|Win32
		{EF592FB0-A33F-4858-8D76-67F3BB71529E}.Release|Win32.ActiveCfg = Release|Win32
		{EF592FB0-A33F-4858-8D76-67F3BB71529E}.Release|Win32.Build.0 = Release|Win32
		{EF592FB0-A33F-4858-8D76-67F3BB71529E}.Release|x64.ActiveCfg = Release|x64
		{EF592FB0-A33F-4858-8D76-67F3BB71529E}.Release|x64.Build.0 = Release|x64
		{16966A63-1789-4BF5-A869-6DF9E3105282}.Debug|Any CPU.ActiveCfg = Debug|Win32
		{16966A63-1789-4BF5-A869-6DF9E3105282}.Debug|Mixed Platforms.ActiveCfg = Debug|Win32
		{16966A63-1789-4BF5-A869-6DF9E3105282}.Debug|Mixed Platforms.Build.0 = Debug|Win32
		{16966A63-1789-4BF5-A869-6DF9E3105282}.Debug|Win32.ActiveCfg = Debug|Win32
		{16966A63-1789-4BF5-A869-6DF9E3105282}.Debug|Win32.Build.0 = Debug|Win32
		{16966A63-1789-4BF5-A869-6DF9E3105282}.Debug|x64.ActiveCfg = Debug|x64
		{16966A63-1789-4BF5-A869-6DF9E3105282}.Release|Any CPU.ActiveCfg = Release|Win32
		{16966A63-1789-4BF5-A869-6DF9E3105282}.Release|Mixed Platforms.ActiveCfg = Release|Win32
		{16966A63-1789-4BF5-A869-6DF9E3105282}.Release|Mixed Platforms.Build.0 = Release|Win32
		{16966A63-1789-4BF5-A869-6DF9E3105282}.Release|Win32.ActiveCfg = Release|Win32
		{16966A63-1789-4BF5-A869-6DF9E3105282}.Release|Win32.Build.0 = Release|Win32
		{16966A63-1789-4BF5-A869-6DF9E3105282}.Release|x64.ActiveCfg = Release|x64
		{16966A63-1789-4BF5-A869-6DF9E3105282}.Release|x64.Build.0 = Release|x64
		{D2050D8B-1E49-4A9D-BAE1-D9AAAA86BFFB}.Debug|Any CPU.ActiveCfg = Debug|Win32
		{D2050D8B-1E49-4A9D-BAE1-D9AAAA86BFFB}.Debug|Mixed Platforms.ActiveCfg = Debug|Win32
		{D2050D8B-1E49-4A9D-BAE1-D9AAAA86BFFB}.Debug|Mixed Platforms.Build.0 = Debug|Win32
		{D2050D8B-1E49-4A9D-BAE1-D9AAAA86BFFB}.Debug|Win32.ActiveCfg = Debug|Win32
		{D2050D8B-1E49-4A9D-BAE1-D9AAAA86BFFB}.Debug|x64.ActiveCfg = Debug|x64
		{D2050D8B-1E49-4A9D-BAE1-D9AAAA86BFFB}.Release|Any CPU.ActiveCfg = Release|Win32
		{D2050D8B-1E49-4A9D-BAE1-D9AAAA86BFFB}.Release|Mixed Platforms.ActiveCfg = Release|Win32
		{D2050D8B-1E49-4A9D-BAE1-D9AAAA86BFFB}.Release|Mixed Platforms.Build.0 = Release|Win32
		{D2050D8B-1E49-4A9D-BAE1-D9AAAA86BFFB}.Release|Win32.ActiveCfg = Release|Win32
		{D2050D8B-1E49-4A9D-BAE1-D9AAAA86BFFB}.Release|Win32.Build.0 = Release|Win32
		{D2050D8B-1E49-4A9D-BAE1-D9AAAA86BFFB}.Release|x64.ActiveCfg = Release|x64
		{D2050D8B-1E49-4A9D-BAE1-D9AAAA86BFFB}.Release|x64.Build.0 = Release|x64
		{96F8567D-CE11-40A2-AA26-3ECB14C9AC0F}.Debug|Any CPU.ActiveCfg = Debug|Win32
		{96F8567D-CE11-40A2-AA26-3ECB14C9AC0F}.Debug|Mixed Platforms.ActiveCfg = Debug|Win32
		{96F8567D-CE11-40A2-AA26-3ECB14C9AC0F}.Debug|Mixed Platforms.Build.0 = Debug|Win32
		{96F8567D-CE11-40A2-AA26-3ECB14C9AC0F}.Debug|Win32.ActiveCfg = Debug|Win32
		{96F8567D-CE11-40A2-AA26-3ECB14C9AC0F}.Debug|Win32.Build.0 = Debug|Win32
		{96F8567D-CE11-40A2-AA26-3ECB14C9AC0F}.Debug|x64.ActiveCfg = Debug|x64
		{96F8567D-CE11-40A2-AA26-3ECB14C9AC0F}.Release|Any CPU.ActiveCfg = Release|Win32
		{96F8567D-CE11-40A2-AA26-3ECB14C9AC0F}.Release|Mixed Platforms.ActiveCfg = Release|Win32
		{96F8567D-CE11-40A2-AA26-3ECB14C9AC0F}.Release|Mixed Platforms.Build.0 = Release|Win32
		{96F8567D-CE11-40A2-AA26-3ECB14C9AC0F}.Release|Win32.ActiveCfg = Release|Win32
		{96F8567D-CE11-40A2-AA26-3ECB14C9AC0F}.Release|Win32.Build.0 = Release|Win32
		{96F8567D-CE11-40A2-AA26-3ECB14C9AC0F}.Release|x64.ActiveCfg = Release|x64
		{96F8567D-CE11-40A2-AA26-3ECB14C9AC0F}.Release|x64.Build.0 = Release|x64
		{F2E5862D-47BA-4362-97D2-4E21D35BCFBD}.Debug|Any CPU.ActiveCfg = Debug|Win32
		{F2E5862D-47BA-4362-97D2-4E21D35BCFBD}.Debug|Mixed Platforms.ActiveCfg = Debug|Win32
		{F2E5862D-47BA-4362-97D2-4E21D35BCFBD}.Debug|Mixed Platforms.Build.0 = Debug|Win32
		{F2E5862D-47BA-4362-97D2-4E21D35BCFBD}.Debug|Win32.ActiveCfg = Debug|Win32
		{F2E5862D-47BA-4362-97D2-4E21D35BCFBD}.Debug|x64.ActiveCfg = Debug|x64
		{F2E5862D-47BA-4362-97D2-4E21D35BCFBD}.Release|Any CPU.ActiveCfg = Release|Win32
		{F2E5862D-47BA-4362-97D2-4E21D35BCFBD}.Release|Mixed Platforms.ActiveCfg = Release|Win32
		{F2E5862D-47BA-4362-97D2-4E21D35BCFBD}.Release|Mixed Platforms.Build.0 = Release|Win32
		{F2E5862D-47BA-4362-97D2-4E21D35BCFBD}.Release|Win32.ActiveCfg = Release|Win32
		{F2E5862D-47BA-4362-97D2-4E21D35BCFBD}.Release|Win32.Build.0 = Release|Win32
		{F2E5862D-47BA-4362-97D2-4E21D35BCFBD}.Release|x64.ActiveCfg = Release|x64
		{F2E5862D-47BA-4362-97D2-4E21D35BCFBD}.Release|x64.Build.0 = Release|x64
		{B59838B1-36DB-4EEF-B1DA-0B3FF018B4C9}.Debug|Any CPU.ActiveCfg = Debug|Win32
		{B59838B1-36DB-4EEF-B1DA-0B3FF018B4C9}.Debug|Mixed Platforms.ActiveCfg = Debug|Win32
		{B59838B1-36DB-4EEF-B1DA-0B3FF018B4C9}.Debug|Mixed Platforms.Build.0 = Debug|Win32
		{B59838B1-36DB-4EEF-B1DA-0B3FF018B4C9}.Debug|Win32.ActiveCfg = Debug|Win32
		{B59838B1-36DB-4EEF-B1DA-0B3FF018B4C9}.Debug|Win32.Build.0 = Debug|Win32
		{B59838B1-36DB-4EEF-B1DA-0B3FF018B4C9}.Debug|x64.ActiveCfg = Debug|x64
		{B59838B1-36DB-4EEF-B1DA-0B3FF018B4C9}.Release|Any CPU.ActiveCfg = Release|Win32
		{B59838B1-36DB-4EEF-B1DA-0B3FF018B4C9}.Release|Mixed Platforms.ActiveCfg = Release|Win32
		{B59838B1-36DB-4EEF-B1DA-0B3FF018B4C9}.Release|Mixed Platforms.Build.0 = Release|Win32
		{B59838B1-36DB-4EEF-B1DA-0B3FF018B4C9}.Release|Win32.ActiveCfg = Release|Win32
		{B59838B1-36DB-4EEF-B1DA-0B3FF018B4C9}.Release|Win32.Build.0 = Release|Win32
		{B59838B1-36DB-4EEF-B1DA-0B3FF018B4C9}.Release|x64.ActiveCfg = Release|x64
		{B59838B1-36DB-4EEF-B1DA-0B3FF018B4C9}.Release|x64.Build.0 = Release|x64
		{BF161165-6F94-489C-8A9E-6FFAB3CF4919}.Debug|Any CPU.ActiveCfg = Debug|Win32
		{BF161165-6F94-489C-8A9E-6FFAB3CF4919}.Debug|Mixed Platforms.ActiveCfg = Debug|Win32
		{BF161165-6F94-489C-8A9E-6FFAB3CF4919}.Debug|Mixed Platforms.Build.0 = Debug|Win32
		{BF161165-6F94-489C-8A9E-6FFAB3CF4919}.Debug|Win32.ActiveCfg = Debug|Win32
		{BF161165-6F94-489C-8A9E-6FFAB3CF4919}.Debug|x64.ActiveCfg = Debug|x64
		{BF161165-6F94-489C-8A9E-6FFAB3CF4919}.Release|Any CPU.ActiveCfg = Release|Win32
		{BF161165-6F94-489C-8A9E-6FFAB3CF4919}.Release|Mixed Platforms.ActiveCfg = Release|Win32
		{BF161165-6F94-489C-8A9E-6FFAB3CF4919}.Release|Mixed Platforms.Build.0 = Release|Win32
		{BF161165-6F94-489C-8A9E-6FFAB3CF4919}.Release|Win32.ActiveCfg = Release|Win32
		{BF161165-6F94-489C-8A9E-6FFAB3CF4919}.Release|Win32.Build.0 = Release|Win32
		{BF161165-6F94-489C-8A9E-6FFAB3CF4919}.Release|x64.ActiveCfg = Release|x64
		{BF161165-6F94-489C-8A9E-6FFAB3CF4919}.Release|x64.Build.0 = Release|x64
		{06B6CF5F-ACF3-402B-A9D8-614324AD32F2}.Debug|Any CPU.ActiveCfg = Debug|Win32
		{06B6CF5F-ACF3-402B-A9D8-614324AD32F2}.Debug|Mixed Platforms.ActiveCfg = Debug|Win32
		{06B6CF5F-ACF3-402B-A9D8-614324AD32F2}.Debug|Mixed Platforms.Build.0 = Debug|Win32
		{06B6CF5F-ACF3-402B-A9D8-614324AD32F2}.Debug|Win32.ActiveCfg = Debug|Win32
		{06B6CF5F-ACF3-402B-A9D8-614324AD32F2}.Debug|Win32.Build.0 = Debug|Win32
		{06B6CF5F-ACF3-402B-A9D8-614324AD32F2}.Debug|x64.ActiveCfg = Debug|x64
		{06B6CF5F-ACF3-402B-A9D8-614324AD32F2}.Release|Any CPU.ActiveCfg = Release|Win32
		{06B6CF5F-ACF3-402B-A9D8-614324AD32F2}.Release|Mixed Platforms.ActiveCfg = Release|Win32
		{06B6CF5F-ACF3-402B-A9D8-614324AD32F2}.Release|Mixed Platforms.Build.0 = Release|Win32
		{06B6CF5F-ACF3-402B-A9D8-614324AD32F2}.Release|Win32.ActiveCfg = Release|Win32
		{06B6CF5F-ACF3-402B-A9D8-614324AD32F2}.Release|Win32.Build.0 = Release|Win32
		{06B6CF5F-ACF3-402B-A9D8-614324AD32F2}.Release|x64.ActiveCfg = Release|x64
		{06B6CF5F-ACF3-402B-A9D8-614324AD32F2}.Release|x64.Build.0 = Release|x64
		{022357F8-1D0C-476F-92BB-B4FB255B6971}.Debug|Any CPU.ActiveCfg = Debug|Any CPU
		{022357F8-1D0C-476F-92BB-B4FB255B6971}.Debug|Any CPU.Build.0 = Debug|Any CPU
		{022357F8-1D0C-476F-92BB-B4FB255B6971}.Debug|Mixed Platforms.ActiveCfg = Debug|Any CPU
		{022357F8-1D0C-476F-92BB-B4FB255B6971}.Debug|Mixed Platforms.Build.0 = Debug|Any CPU
		{022357F8-1D0C-476F-92BB-B4FB255B6971}.Debug|Win32.ActiveCfg = Debug|Any CPU
		{022357F8-1D0C-476F-92BB-B4FB255B6971}.Debug|Win32.Build.0 = Debug|Any CPU
		{022357F8-1D0C-476F-92BB-B4FB255B6971}.Debug|x64.ActiveCfg = Debug|Any CPU
		{022357F8-1D0C-476F-92BB-B4FB255B6971}.Debug|x64.Build.0 = Debug|Any CPU
		{022357F8-1D0C-476F-92BB-B4FB255B6971}.Release|Any CPU.ActiveCfg = Release|Any CPU
		{022357F8-1D0C-476F-92BB-B4FB255B6971}.Release|Any CPU.Build.0 = Release|Any CPU
		{022357F8-1D0C-476F-92BB-B4FB255B6971}.Release|Mixed Platforms.ActiveCfg = Release|Any CPU
		{022357F8-1D0C-476F-92BB-B4FB255B6971}.Release|Mixed Platforms.Build.0 = Release|Any CPU
		{022357F8-1D0C-476F-92BB-B4FB255B6971}.Release|Win32.ActiveCfg = Release|Any CPU
		{022357F8-1D0C-476F-92BB-B4FB255B6971}.Release|Win32.Build.0 = Release|Any CPU
		{022357F8-1D0C-476F-92BB-B4FB255B6971}.Release|x64.ActiveCfg = Release|Any CPU
		{022357F8-1D0C-476F-92BB-B4FB255B6971}.Release|x64.Build.0 = Release|Any CPU
		{2FF01D93-77B7-485D-A088-64F294EFA467}.Debug|Any CPU.ActiveCfg = Debug|Win32
		{2FF01D93-77B7-485D-A088-64F294EFA467}.Debug|Mixed Platforms.ActiveCfg = Debug|Win32
		{2FF01D93-77B7-485D-A088-64F294EFA467}.Debug|Mixed Platforms.Build.0 = Debug|Win32
		{2FF01D93-77B7-485D-A088-64F294EFA467}.Debug|Win32.ActiveCfg = Debug|Win32
		{2FF01D93-77B7-485D-A088-64F294EFA467}.Debug|Win32.Build.0 = Debug|Win32
		{2FF01D93-77B7-485D-A088-64F294EFA467}.Debug|x64.ActiveCfg = Debug|x64
		{2FF01D93-77B7-485D-A088-64F294EFA467}.Release|Any CPU.ActiveCfg = Release|Win32
		{2FF01D93-77B7-485D-A088-64F294EFA467}.Release|Mixed Platforms.ActiveCfg = Release|Win32
		{2FF01D93-77B7-485D-A088-64F294EFA467}.Release|Mixed Platforms.Build.0 = Release|Win32
		{2FF01D93-77B7-485D-A088-64F294EFA467}.Release|Win32.ActiveCfg = Release|Win32
		{2FF01D93-77B7-485D-A088-64F294EFA467}.Release|Win32.Build.0 = Release|Win32
		{2FF01D93-77B7-485D-A088-64F294EFA467}.Release|x64.ActiveCfg = Release|x64
		{2FF01D93-77B7-485D-A088-64F294EFA467}.Release|x64.Build.0 = Release|x64
		{5E5F2340-875F-4713-ADE9-2ED46A8F9085}.Debug|Any CPU.ActiveCfg = Debug|Win32
		{5E5F2340-875F-4713-ADE9-2ED46A8F9085}.Debug|Mixed Platforms.ActiveCfg = Debug|Win32
		{5E5F2340-875F-4713-ADE9-2ED46A8F9085}.Debug|Mixed Platforms.Build.0 = Debug|Win32
		{5E5F2340-875F-4713-ADE9-2ED46A8F9085}.Debug|Win32.ActiveCfg = Debug|Win32
		{5E5F2340-875F-4713-ADE9-2ED46A8F9085}.Debug|Win32.Build.0 = Debug|Win32
		{5E5F2340-875F-4713-ADE9-2ED46A8F9085}.Debug|x64.ActiveCfg = Debug|x64
		{5E5F2340-875F-4713-ADE9-2ED46A8F9085}.Debug|x64.Build.0 = Debug|x64
		{5E5F2340-875F-4713-ADE9-2ED46A8F9085}.Release|Any CPU.ActiveCfg = Release|Win32
		{5E5F2340-875F-4713-ADE9-2ED46A8F9085}.Release|Mixed Platforms.ActiveCfg = Release|Win32
		{5E5F2340-875F-4713-ADE9-2ED46A8F9085}.Release|Mixed Platforms.Build.0 = Release|Win32
		{5E5F2340-875F-4713-ADE9-2ED46A8F9085}.Release|Win32.ActiveCfg = Release|Win32
		{5E5F2340-875F-4713-ADE9-2ED46A8F9085}.Release|Win32.Build.0 = Release|Win32
		{5E5F2340-875F-4713-ADE9-2ED46A8F9085}.Release|x64.ActiveCfg = Release|x64
		{5E5F2340-875F-4713-ADE9-2ED46A8F9085}.Release|x64.Build.0 = Release|x64
	EndGlobalSection
	GlobalSection(SolutionProperties) = preSolution
		HideSolutionNode = FALSE
	EndGlobalSection
	GlobalSection(NestedProjects) = preSolution
		{AB6BA007-0140-4014-8071-685C2CF1BBDE} = {029F0259-FCB1-4908-B242-890258F54705}
		{633B0CB5-E2DC-4F0A-845A-42DF75152F86} = {029F0259-FCB1-4908-B242-890258F54705}
		{E5078984-C22A-4412-B323-CF44DACE9482} = {029F0259-FCB1-4908-B242-890258F54705}
		{9AF35275-8105-483F-B73E-FE628E602C3D} = {029F0259-FCB1-4908-B242-890258F54705}
		{94DD0F7A-32EF-4BED-84AC-02329E82EF9A} = {029F0259-FCB1-4908-B242-890258F54705}
		{6463CE7D-7B14-446B-B11F-BACFAAF8C7B7} = {029F0259-FCB1-4908-B242-890258F54705}
		{EF592FB0-A33F-4858-8D76-67F3BB71529E} = {029F0259-FCB1-4908-B242-890258F54705}
		{16966A63-1789-4BF5-A869-6DF9E3105282} = {029F0259-FCB1-4908-B242-890258F54705}
		{96F8567D-CE11-40A2-AA26-3ECB14C9AC0F} = {029F0259-FCB1-4908-B242-890258F54705}
		{B59838B1-36DB-4EEF-B1DA-0B3FF018B4C9} = {029F0259-FCB1-4908-B242-890258F54705}
		{BF161165-6F94-489C-8A9E-6FFAB3CF4919} = {53FF3EC2-BF54-4151-B5EB-A4218DFE7603}
		{06B6CF5F-ACF3-402B-A9D8-614324AD32F2} = {029F0259-FCB1-4908-B242-890258F54705}
		{2FF01D93-77B7-485D-A088-64F294EFA467} = {029F0259-FCB1-4908-B242-890258F54705}
		{5E5F2340-875F-4713-ADE9-2ED46A8F9085} = {53FF3EC2-BF54-4151-B5EB-A4218DFE7603}
	EndGlobalSection
	GlobalSection(ExtensibilityGlobals) = postSolution
		SolutionGuid = {B18F0364-D9E9-4DCF-8E7B-3788078B3A76}
	EndGlobalSection
EndGlobal
